// !$*UTF8*$!
{
	archiveVersion = 1;
	classes = {
	};
	objectVersion = 46;
	objects = {

/* Begin PBXBuildFile section */
		04AFFDF61D45A4D000C0BE03 /* main.m in Sources */ = {isa = PBXBuildFile; fileRef = 04AFFDF51D45A4D000C0BE03 /* main.m */; };
		04AFFDF91D45A4D000C0BE03 /* AppDelegate.m in Sources */ = {isa = PBXBuildFile; fileRef = 04AFFDF81D45A4D000C0BE03 /* AppDelegate.m */; };
		04AFFDFC1D45A4D000C0BE03 /* ViewController.m in Sources */ = {isa = PBXBuildFile; fileRef = 04AFFDFB1D45A4D000C0BE03 /* ViewController.m */; };
		04AFFDFF1D45A4D000C0BE03 /* Main.storyboard in Resources */ = {isa = PBXBuildFile; fileRef = 04AFFDFD1D45A4D000C0BE03 /* Main.storyboard */; };
		04AFFE021D45A4D000C0BE03 /* _.xcdatamodeld in Sources */ = {isa = PBXBuildFile; fileRef = 04AFFE001D45A4D000C0BE03 /* _.xcdatamodeld */; };
		04AFFE041D45A4D000C0BE03 /* Assets.xcassets in Resources */ = {isa = PBXBuildFile; fileRef = 04AFFE031D45A4D000C0BE03 /* Assets.xcassets */; };
		04AFFE071D45A4D000C0BE03 /* LaunchScreen.storyboard in Resources */ = {isa = PBXBuildFile; fileRef = 04AFFE051D45A4D000C0BE03 /* LaunchScreen.storyboard */; };
/* End PBXBuildFile section */

/* Begin PBXFileReference section */
		04AFFDF11D45A4D000C0BE03 /* 1.app */ = {isa = PBXFileReference; explicitFileType = wrapper.application; includeInIndex = 0; path = 1.app; sourceTree = BUILT_PRODUCTS_DIR; };
		04AFFDF51D45A4D000C0BE03 /* main.m */ = {isa = PBXFileReference; lastKnownFileType = sourcecode.c.objc; path = main.m; sourceTree = "<group>"; };
		04AFFDF71D45A4D000C0BE03 /* AppDelegate.h */ = {isa = PBXFileReference; lastKnownFileType = sourcecode.c.h; path = AppDelegate.h; sourceTree = "<group>"; };
		04AFFDF81D45A4D000C0BE03 /* AppDelegate.m */ = {isa = PBXFileReference; lastKnownFileType = sourcecode.c.objc; path = AppDelegate.m; sourceTree = "<group>"; };
		04AFFDFA1D45A4D000C0BE03 /* ViewController.h */ = {isa = PBXFileReference; lastKnownFileType = sourcecode.c.h; path = ViewController.h; sourceTree = "<group>"; };
		04AFFDFB1D45A4D000C0BE03 /* ViewController.m */ = {isa = PBXFileReference; lastKnownFileType = sourcecode.c.objc; path = ViewController.m; sourceTree = "<group>"; };
		04AFFDFE1D45A4D000C0BE03 /* Base */ = {isa = PBXFileReference; lastKnownFileType = file.storyboard; name = Base; path = Base.lproj/Main.storyboard; sourceTree = "<group>"; };
		04AFFE011D45A4D000C0BE03 /* _.xcdatamodel */ = {isa = PBXFileReference; lastKnownFileType = wrapper.xcdatamodel; path = _.xcdatamodel; sourceTree = "<group>"; };
		04AFFE031D45A4D000C0BE03 /* Assets.xcassets */ = {isa = PBXFileReference; lastKnownFileType = folder.assetcatalog; path = Assets.xcassets; sourceTree = "<group>"; };
		04AFFE061D45A4D000C0BE03 /* Base */ = {isa = PBXFileReference; lastKnownFileType = file.storyboard; name = Base; path = Base.lproj/LaunchScreen.storyboard; sourceTree = "<group>"; };
		04AFFE081D45A4D000C0BE03 /* Info.plist */ = {isa = PBXFileReference; lastKnownFileType = text.plist.xml; path = Info.plist; sourceTree = "<group>"; };
/* End PBXFileReference section */

/* Begin PBXFrameworksBuildPhase section */
		04AFFDEE1D45A4D000C0BE03 /* Frameworks */ = {
			isa = PBXFrameworksBuildPhase;
			buildActionMask = 2147483647;
			files = (
			);
			runOnlyForDeploymentPostprocessing = 0;
		};
/* End PBXFrameworksBuildPhase section */

/* Begin PBXGroup section */
		04AFFDE81D45A4D000C0BE03 = {
			isa = PBXGroup;
			children = (
				04AFFDF31D45A4D000C0BE03 /* 1 */,
				04AFFDF21D45A4D000C0BE03 /* Products */,
			);
			sourceTree = "<group>";
		};
		04AFFDF21D45A4D000C0BE03 /* Products */ = {
			isa = PBXGroup;
			children = (
				04AFFDF11D45A4D000C0BE03 /* 1.app */,
			);
			name = Products;
			sourceTree = "<group>";
		};
		04AFFDF31D45A4D000C0BE03 /* 1 */ = {
			isa = PBXGroup;
			children = (
				04AFFDF71D45A4D000C0BE03 /* AppDelegate.h */,
				04AFFDF81D45A4D000C0BE03 /* AppDelegate.m */,
				04AFFDFA1D45A4D000C0BE03 /* ViewController.h */,
				04AFFDFB1D45A4D000C0BE03 /* ViewController.m */,
				04AFFDFD1D45A4D000C0BE03 /* Main.storyboard */,
				04AFFE031D45A4D000C0BE03 /* Assets.xcassets */,
				04AFFE051D45A4D000C0BE03 /* LaunchScreen.storyboard */,
				04AFFE081D45A4D000C0BE03 /* Info.plist */,
				04AFFE001D45A4D000C0BE03 /* _.xcdatamodeld */,
				04AFFDF41D45A4D000C0BE03 /* Supporting Files */,
			);
			path = 1;
			sourceTree = "<group>";
		};
		04AFFDF41D45A4D000C0BE03 /* Supporting Files */ = {
			isa = PBXGroup;
			children = (
				04AFFDF51D45A4D000C0BE03 /* main.m */,
			);
			name = "Supporting Files";
			sourceTree = "<group>";
		};
/* End PBXGroup section */

/* Begin PBXNativeTarget section */
		04AFFDF01D45A4D000C0BE03 /* 1 */ = {
			isa = PBXNativeTarget;
			buildConfigurationList = 04AFFE0B1D45A4D000C0BE03 /* Build configuration list for PBXNativeTarget "1" */;
			buildPhases = (
				04AFFDED1D45A4D000C0BE03 /* Sources */,
				04AFFDEE1D45A4D000C0BE03 /* Frameworks */,
				04AFFDEF1D45A4D000C0BE03 /* Resources */,
			);
			buildRules = (
			);
			dependencies = (
			);
			name = 1;
			productName = 1;
			productReference = 04AFFDF11D45A4D000C0BE03 /* 1.app */;
			productType = "com.apple.product-type.application";
		};
/* End PBXNativeTarget section */

/* Begin PBXProject section */
		04AFFDE91D45A4D000C0BE03 /* Project object */ = {
			isa = PBXProject;
			attributes = {
				LastUpgradeCheck = 0710;
				ORGANIZATIONNAME = Andy;
				TargetAttributes = {
					04AFFDF01D45A4D000C0BE03 = {
						CreatedOnToolsVersion = 7.1;
					};
				};
			};
			buildConfigurationList = 04AFFDEC1D45A4D000C0BE03 /* Build configuration list for PBXProject "1" */;
			compatibilityVersion = "Xcode 3.2";
			developmentRegion = English;
			hasScannedForEncodings = 0;
			knownRegions = (
				en,
				Base,
			);
			mainGroup = 04AFFDE81D45A4D000C0BE03;
			productRefGroup = 04AFFDF21D45A4D000C0BE03 /* Products */;
			projectDirPath = "";
			projectRoot = "";
			targets = (
				04AFFDF01D45A4D000C0BE03 /* 1 */,
			);
		};
/* End PBXProject section */

/* Begin PBXResourcesBuildPhase section */
		04AFFDEF1D45A4D000C0BE03 /* Resources */ = {
			isa = PBXResourcesBuildPhase;
			buildActionMask = 2147483647;
			files = (
				04AFFE071D45A4D000C0BE03 /* LaunchScreen.storyboard in Resources */,
				04AFFE041D45A4D000C0BE03 /* Assets.xcassets in Resources */,
				04AFFDFF1D45A4D000C0BE03 /* Main.storyboard in Resources */,
			);
			runOnlyForDeploymentPostprocessing = 0;
		};
/* End PBXResourcesBuildPhase section */

/* Begin PBXSourcesBuildPhase section */
		04AFFDED1D45A4D000C0BE03 /* Sources */ = {
			isa = PBXSourcesBuildPhase;
			buildActionMask = 2147483647;
			files = (
				04AFFDFC1D45A4D000C0BE03 /* ViewController.m in Sources */,
				04AFFE021D45A4D000C0BE03 /* _.xcdatamodeld in Sources */,
				04AFFDF91D45A4D000C0BE03 /* AppDelegate.m in Sources */,
				04AFFDF61D45A4D000C0BE03 /* main.m in Sources */,
			);
			runOnlyForDeploymentPostprocessing = 0;
		};
/* End PBXSourcesBuildPhase section */

/* Begin PBXVariantGroup section */
		04AFFDFD1D45A4D000C0BE03 /* Main.storyboard */ = {
			isa = PBXVariantGroup;
			children = (
				04AFFDFE1D45A4D000C0BE03 /* Base */,
			);
			name = Main.storyboard;
			sourceTree = "<group>";
		};
		04AFFE051D45A4D000C0BE03 /* LaunchScreen.storyboard */ = {
			isa = PBXVariantGroup;
			children = (
				04AFFE061D45A4D000C0BE03 /* Base */,
			);
			name = LaunchScreen.storyboard;
			sourceTree = "<group>";
		};
/* End PBXVariantGroup section */

/* Begin XCBuildConfiguration section */
		04AFFE091D45A4D000C0BE03 /* Debug */ = {
			isa = XCBuildConfiguration;
			buildSettings = {
				ALWAYS_SEARCH_USER_PATHS = NO;
				CLANG_CXX_LANGUAGE_STANDARD = "gnu++0x";
				CLANG_CXX_LIBRARY = "libc++";
				CLANG_ENABLE_MODULES = YES;
				CLANG_ENABLE_OBJC_ARC = YES;
				CLANG_WARN_BOOL_CONVERSION = YES;
				CLANG_WARN_CONSTANT_CONVERSION = YES;
				CLANG_WARN_DIRECT_OBJC_ISA_USAGE = YES_ERROR;
				CLANG_WARN_EMPTY_BODY = YES;
				CLANG_WARN_ENUM_CONVERSION = YES;
				CLANG_WARN_INT_CONVERSION = YES;
				CLANG_WARN_OBJC_ROOT_CLASS = YES_ERROR;
				CLANG_WARN_UNREACHABLE_CODE = YES;
				CLANG_WARN__DUPLICATE_METHOD_MATCH = YES;
				"CODE_SIGN_IDENTITY[sdk=iphoneos*]" = "iPhone Developer";
				COPY_PHASE_STRIP = NO;
				DEBUG_INFORMATION_FORMAT = dwarf;
				ENABLE_STRICT_OBJC_MSGSEND = YES;
				ENABLE_TESTABILITY = YES;
				GCC_C_LANGUAGE_STANDARD = gnu99;
				GCC_DYNAMIC_NO_PIC = NO;
				GCC_NO_COMMON_BLOCKS = YES;
				GCC_OPTIMIZATION_LEVEL = 0;
				GCC_PREPROCESSOR_DEFINITIONS = (
					"DEBUG=1",
					"$(inherited)",
				);
				GCC_WARN_64_TO_32_BIT_CONVERSION = YES;
				GCC_WARN_ABOUT_RETURN_TYPE = YES_ERROR;
				GCC_WARN_UNDECLARED_SELECTOR = YES;
				GCC_WARN_UNINITIALIZED_AUTOS = YES_AGGRESSIVE;
				GCC_WARN_UNUSED_FUNCTION = YES;
				GCC_WARN_UNUSED_VARIABLE = YES;
				IPHONEOS_DEPLOYMENT_TARGET = 9.1;
				MTL_ENABLE_DEBUG_INFO = YES;
				ONLY_ACTIVE_ARCH = YES;
				SDKROOT = iphoneos;
			};
			name = Debug;
		};
		04AFFE0A1D45A4D000C0BE03 /* Release */ = {
			isa = XCBuildConfiguration;
			buildSettings = {
				ALWAYS_SEARCH_USER_PATHS = NO;
				CLANG_CXX_LANGUAGE_STANDARD = "gnu++0x";
				CLANG_CXX_LIBRARY = "libc++";
				CLANG_ENABLE_MODULES = YES;
				CLANG_ENABLE_OBJC_ARC = YES;
				CLANG_WARN_BOOL_CONVERSION = YES;
				CLANG_WARN_CONSTANT_CONVERSION = YES;
				CLANG_WARN_DIRECT_OBJC_ISA_USAGE = YES_ERROR;
				CLANG_WARN_EMPTY_BODY = YES;
				CLANG_WARN_ENUM_CONVERSION = YES;
				CLANG_WARN_INT_CONVERSION = YES;
				CLANG_WARN_OBJC_ROOT_CLASS = YES_ERROR;
				CLANG_WARN_UNREACHABLE_CODE = YES;
				CLANG_WARN__DUPLICATE_METHOD_MATCH = YES;
				"CODE_SIGN_IDENTITY[sdk=iphoneos*]" = "iPhone Developer";
				COPY_PHASE_STRIP = NO;
				DEBUG_INFORMATION_FORMAT = "dwarf-with-dsym";
				ENABLE_NS_ASSERTIONS = NO;
				ENABLE_STRICT_OBJC_MSGSEND = YES;
				GCC_C_LANGUAGE_STANDARD = gnu99;
				GCC_NO_COMMON_BLOCKS = YES;
				GCC_WARN_64_TO_32_BIT_CONVERSION = YES;
				GCC_WARN_ABOUT_RETURN_TYPE = YES_ERROR;
				GCC_WARN_UNDECLARED_SELECTOR = YES;
				GCC_WARN_UNINITIALIZED_AUTOS = YES_AGGRESSIVE;
				GCC_WARN_UNUSED_FUNCTION = YES;
				GCC_WARN_UNUSED_VARIABLE = YES;
				IPHONEOS_DEPLOYMENT_TARGET = 9.1;
				MTL_ENABLE_DEBUG_INFO = NO;
				SDKROOT = iphoneos;
				VALIDATE_PRODUCT = YES;
			};
			name = Release;
		};
		04AFFE0C1D45A4D000C0BE03 /* Debug */ = {
			isa = XCBuildConfiguration;
			buildSettings = {
				ASSETCATALOG_COMPILER_APPICON_NAME = AppIcon;
				INFOPLIST_FILE = 1/Info.plist;
				LD_RUNPATH_SEARCH_PATHS = "$(inherited) @executable_path/Frameworks";
				PRODUCT_BUNDLE_IDENTIFIER = "Andy.-";
				PRODUCT_NAME = "$(TARGET_NAME)";
			};
			name = Debug;
		};
		04AFFE0D1D45A4D000C0BE03 /* Release */ = {
			isa = XCBuildConfiguration;
			buildSettings = {
				ASSETCATALOG_COMPILER_APPICON_NAME = AppIcon;
				INFOPLIST_FILE = 1/Info.plist;
				LD_RUNPATH_SEARCH_PATHS = "$(inherited) @executable_path/Frameworks";
				PRODUCT_BUNDLE_IDENTIFIER = "Andy.-";
				PRODUCT_NAME = "$(TARGET_NAME)";
			};
			name = Release;
		};
/* End XCBuildConfiguration section */

/* Begin XCConfigurationList section */
		04AFFDEC1D45A4D000C0BE03 /* Build configuration list for PBXProject "1" */ = {
			isa = XCConfigurationList;
			buildConfigurations = (
				04AFFE091D45A4D000C0BE03 /* Debug */,
				04AFFE0A1D45A4D000C0BE03 /* Release */,
			);
			defaultConfigurationIsVisible = 0;
			defaultConfigurationName = Release;
		};
		04AFFE0B1D45A4D000C0BE03 /* Build configuration list for PBXNativeTarget "1" */ = {
			isa = XCConfigurationList;
			buildConfigurations = (
				04AFFE0C1D45A4D000C0BE03 /* Debug */,
				04AFFE0D1D45A4D000C0BE03 /* Release */,
			);
			defaultConfigurationIsVisible = 0;
		};
/* End XCConfigurationList section */

/* Begin XCVersionGroup section */
		04AFFE001D45A4D000C0BE03 /* _.xcdatamodeld */ = {
			isa = XCVersionGroup;
			children = (
				04AFFE011D45A4D000C0BE03 /* _.xcdatamodel */,
			);
			currentVersion = 04AFFE011D45A4D000C0BE03 /* _.xcdatamodel */;
			path = _.xcdatamodeld;
			sourceTree = "<group>";
			versionGroupType = wrapper.xcdatamodel;
		};
/* End XCVersionGroup section */
	};
	rootObject = 04AFFDE91D45A4D000C0BE03 /* Project object */;
}
